{
  "version": 4,
  "terraform_version": "1.0.2",
  "serial": 25,
  "lineage": "0994971e-2941-ea39-7e64-fc434c88a1a9",
  "outputs": {},
  "resources": [
    {
      "mode": "data",
      "type": "google_client_config",
      "name": "provider",
      "provider": "provider[\"registry.terraform.io/hashicorp/google\"]",
      "instances": [
        {
          "schema_version": 0,
          "attributes": {
            "access_token": "ya29.c.KqgBCQjRON8tTZDguDdIjIJH2baEk66exIFtIcCB6V-iD8t3KAWXzQ2p4udfoaOQm5W948dZkEwUtioM7RBp9SPFpbPfvRbVhrzU-FEJIp16VQxYPlmO3nbPcIz3-fJD3QCT1jGgPW4oldFWnUzryBrAFpmFMNIRA2F8XpQ5VlZyP9VlXlkoDK1C2jDl3mg8pnJwkC-EHxYDC7MWUb7_1r4NNQmLuUEaYhy3",
            "id": "projects/arcane-shape-319007/regions/us-central1/zones/us-central1-c",
            "project": "arcane-shape-319007",
            "region": "us-central1",
            "zone": "us-central1-c"
          },
          "sensitive_attributes": []
        }
      ]
    },
    {
      "mode": "managed",
      "type": "google_container_cluster",
      "name": "sql-cluster",
      "provider": "provider[\"registry.terraform.io/hashicorp/google\"]",
      "instances": [
        {
          "schema_version": 1,
          "attributes": {
            "addons_config": [
              {
                "cloudrun_config": [],
                "horizontal_pod_autoscaling": [],
                "http_load_balancing": [],
                "network_policy_config": [
                  {
                    "disabled": true
                  }
                ]
              }
            ],
            "authenticator_groups_config": [],
            "cluster_autoscaling": [
              {
                "auto_provisioning_defaults": [],
                "enabled": false,
                "resource_limits": []
              }
            ],
            "cluster_ipv4_cidr": "10.48.0.0/14",
            "database_encryption": [
              {
                "key_name": "",
                "state": "DECRYPTED"
              }
            ],
            "datapath_provider": "",
            "default_max_pods_per_node": 110,
            "default_snat_status": [
              {
                "disabled": false
              }
            ],
            "description": "",
            "enable_autopilot": false,
            "enable_binary_authorization": false,
            "enable_intranode_visibility": false,
            "enable_kubernetes_alpha": false,
            "enable_legacy_abac": false,
            "enable_shielded_nodes": false,
            "enable_tpu": false,
            "endpoint": "35.202.41.186",
            "id": "projects/arcane-shape-319007/locations/us-central1-c/clusters/sql-cluster",
            "initial_node_count": 1,
            "instance_group_urls": [
              "https://www.googleapis.com/compute/v1/projects/arcane-shape-319007/zones/us-central1-c/instanceGroups/gke-sql-cluster-default-pool-a7b82ab3-grp",
              "https://www.googleapis.com/compute/v1/projects/arcane-shape-319007/zones/us-central1-c/instanceGroups/gke-sql-cluster-sql-node-pool-075c9c88-grp"
            ],
            "ip_allocation_policy": [
              {
                "cluster_ipv4_cidr_block": "10.48.0.0/14",
                "cluster_secondary_range_name": "gke-sql-cluster-pods-ed04fb0d",
                "services_ipv4_cidr_block": "10.52.0.0/20",
                "services_secondary_range_name": "gke-sql-cluster-services-ed04fb0d"
              }
            ],
            "label_fingerprint": "a9dc16a7",
            "location": "us-central1-c",
            "logging_service": "logging.googleapis.com/kubernetes",
            "maintenance_policy": [],
            "master_auth": [
              {
                "client_certificate": "",
                "client_certificate_config": [
                  {
                    "issue_client_certificate": false
                  }
                ],
                "client_key": "",
                "cluster_ca_certificate": "LS0tLS1CRUdJTiBDRVJUSUZJQ0FURS0tLS0tCk1JSURLakNDQWhLZ0F3SUJBZ0lRS0dGUEp3N1FORDdrUDY5c2MwT1dUakFOQmdrcWhraUc5dzBCQVFzRkFEQXYKTVMwd0t3WURWUVFERXlSak9Ea3lOVGhpTkMxak5tTXpMVFF6TVRJdE9EWmxNQzAzWkdZeE9Ua3pabVpoWVRNdwpIaGNOTWpFd056SXdNRGd6T0RVeFdoY05Nall3TnpFNU1Ea3pPRFV4V2pBdk1TMHdLd1lEVlFRREV5UmpPRGt5Ck5UaGlOQzFqTm1NekxUUXpNVEl0T0RabE1DMDNaR1l4T1RrelptWmhZVE13Z2dFaU1BMEdDU3FHU0liM0RRRUIKQVFVQUE0SUJEd0F3Z2dFS0FvSUJBUURJNFBtcmowaFI4U2hpamJHYmNyS3pXMVFhZm9KTTBKb0w2Nkc0bXE3SwpYbjQ4T2doL3JHbXZ3NDRTVVhzbXA0bmM3SHRqSnhVMlJDZnlkVVpIQzQ4SVB3ZmVQYUphRFpsRk1VTnZWYXNkClkvdkFtY0ZSMkR2YXphS3dtTVA3Q1oxN2RVb0FwUWV3ei9UL0JuTVZZNFUvRkw4OTVrOHFFYnZsYkdDTVRSTlgKMkNWQTlKd21XSkRYNVM2emwwRm1RbkwyZFFwczFiaXRXOGM3YituazlicHpUQ0dNLy8yNkhjUEFxZWx2ak8rUgo5cXhpRlpQZWdYYUhuMzJjQVQvTE9tU0h2ejd5YmszSkNKVXBEOWZxU0RHSHhuUG1XTzRuUVhTU25Yekc1RFlWCkJJcktvMWRtOXZBNGx0RUIzdWtNMnhOblNSWFFJdXNDZ0VWaURkOHRJWHh2QWdNQkFBR2pRakJBTUE0R0ExVWQKRHdFQi93UUVBd0lDQkRBUEJnTlZIUk1CQWY4RUJUQURBUUgvTUIwR0ExVWREZ1FXQkJUN1hWZEx1VU1IYVkxeQp2OTVHWHgydEtuWnBXREFOQmdrcWhraUc5dzBCQVFzRkFBT0NBUUVBUWxzR1RkSDUvSHViZnlYNlZVTE82bEdMCmZQUUFZZDhIbkVjdDd4eVhWdFo4cVlsemdNc1NLaHVWZWNXU3pPdUk2Y0NvdFVKeGtYTjNuTHFEd0RVTEdwQlIKQ01nT25vY1IxKzQxQ3VxcjNPRzYvbGRyemVDbWJxejQvMVFmdzVpcnBMVDJUb3RTSFMvRFBrSkRlWTR6dkIwSApnWVU4VlZjYVJOWW9xek9FL1NSWElFVkVCdFRuV3ZWZGJhenhzTGtPVjZRSys4VDZ4aFVkOTQwQVliZXJ1RnVyClZaU0p1UHhvWFoxZFJUUlJzeXpvVldIU211RHZPUzFDL1grL3FkMVRPMGVTSWFaNEtMWDRPL1NQYjBDVElaTlgKc3R2YjcrMUNLN1BUM29mM3ZTRGFqNk9hMmVoSEppQzIzbENyUnFsamVCUUZWa0ZwYmEzdm1OMjFLWjFMVXc9PQotLS0tLUVORCBDRVJUSUZJQ0FURS0tLS0tCg==",
                "password": "",
                "username": ""
              }
            ],
            "master_authorized_networks_config": [],
            "master_version": "1.19.9-gke.1900",
            "min_master_version": null,
            "monitoring_service": "monitoring.googleapis.com/kubernetes",
            "name": "sql-cluster",
            "network": "projects/arcane-shape-319007/global/networks/default",
            "network_policy": [
              {
                "enabled": false,
                "provider": "PROVIDER_UNSPECIFIED"
              }
            ],
            "networking_mode": "VPC_NATIVE",
            "node_config": [
              {
                "disk_size_gb": 100,
                "disk_type": "pd-standard",
                "guest_accelerator": [],
                "image_type": "COS_CONTAINERD",
                "labels": {},
                "local_ssd_count": 0,
                "machine_type": "e2-medium",
                "metadata": {
                  "disable-legacy-endpoints": "true"
                },
                "min_cpu_platform": "",
                "oauth_scopes": [
                  "https://www.googleapis.com/auth/devstorage.read_only",
                  "https://www.googleapis.com/auth/logging.write",
                  "https://www.googleapis.com/auth/monitoring",
                  "https://www.googleapis.com/auth/service.management.readonly",
                  "https://www.googleapis.com/auth/servicecontrol",
                  "https://www.googleapis.com/auth/trace.append"
                ],
                "preemptible": false,
                "service_account": "default",
                "shielded_instance_config": [
                  {
                    "enable_integrity_monitoring": true,
                    "enable_secure_boot": false
                  }
                ],
                "tags": [],
                "taint": [],
                "workload_metadata_config": [
                  {
                    "node_metadata": "GKE_METADATA_SERVER"
                  }
                ]
              }
            ],
            "node_locations": [],
            "node_pool": [
              {
                "autoscaling": [],
                "initial_node_count": 1,
                "instance_group_urls": [
                  "https://www.googleapis.com/compute/v1/projects/arcane-shape-319007/zones/us-central1-c/instanceGroupManagers/gke-sql-cluster-default-pool-a7b82ab3-grp"
                ],
                "management": [
                  {
                    "auto_repair": true,
                    "auto_upgrade": true
                  }
                ],
                "max_pods_per_node": 110,
                "name": "default-pool",
                "name_prefix": "",
                "node_config": [
                  {
                    "disk_size_gb": 100,
                    "disk_type": "pd-standard",
                    "guest_accelerator": [],
                    "image_type": "COS_CONTAINERD",
                    "labels": {},
                    "local_ssd_count": 0,
                    "machine_type": "e2-medium",
                    "metadata": {
                      "disable-legacy-endpoints": "true"
                    },
                    "min_cpu_platform": "",
                    "oauth_scopes": [
                      "https://www.googleapis.com/auth/devstorage.read_only",
                      "https://www.googleapis.com/auth/logging.write",
                      "https://www.googleapis.com/auth/monitoring",
                      "https://www.googleapis.com/auth/service.management.readonly",
                      "https://www.googleapis.com/auth/servicecontrol",
                      "https://www.googleapis.com/auth/trace.append"
                    ],
                    "preemptible": false,
                    "service_account": "default",
                    "shielded_instance_config": [
                      {
                        "enable_integrity_monitoring": true,
                        "enable_secure_boot": false
                      }
                    ],
                    "tags": [],
                    "taint": [],
                    "workload_metadata_config": [
                      {
                        "node_metadata": "GKE_METADATA_SERVER"
                      }
                    ]
                  }
                ],
                "node_count": 1,
                "node_locations": [
                  "us-central1-c"
                ],
                "upgrade_settings": [
                  {
                    "max_surge": 1,
                    "max_unavailable": 0
                  }
                ],
                "version": "1.19.9-gke.1900"
              },
              {
                "autoscaling": [],
                "initial_node_count": 1,
                "instance_group_urls": [
                  "https://www.googleapis.com/compute/v1/projects/arcane-shape-319007/zones/us-central1-c/instanceGroupManagers/gke-sql-cluster-sql-node-pool-075c9c88-grp"
                ],
                "management": [
                  {
                    "auto_repair": true,
                    "auto_upgrade": true
                  }
                ],
                "max_pods_per_node": 110,
                "name": "sql-node-pool",
                "name_prefix": "",
                "node_config": [
                  {
                    "disk_size_gb": 100,
                    "disk_type": "pd-standard",
                    "guest_accelerator": [],
                    "image_type": "COS_CONTAINERD",
                    "labels": {},
                    "local_ssd_count": 0,
                    "machine_type": "custom-1-4096",
                    "metadata": {
                      "disable-legacy-endpoints": "true"
                    },
                    "min_cpu_platform": "",
                    "oauth_scopes": [
                      "https://www.googleapis.com/auth/logging.write",
                      "https://www.googleapis.com/auth/monitoring"
                    ],
                    "preemptible": false,
                    "service_account": "default",
                    "shielded_instance_config": [
                      {
                        "enable_integrity_monitoring": true,
                        "enable_secure_boot": false
                      }
                    ],
                    "tags": [],
                    "taint": [],
                    "workload_metadata_config": [
                      {
                        "node_metadata": "GKE_METADATA_SERVER"
                      }
                    ]
                  }
                ],
                "node_count": 1,
                "node_locations": [
                  "us-central1-c"
                ],
                "upgrade_settings": [
                  {
                    "max_surge": 1,
                    "max_unavailable": 0
                  }
                ],
                "version": "1.19.9-gke.1900"
              }
            ],
            "node_version": "1.19.9-gke.1900",
            "operation": null,
            "pod_security_policy_config": [],
            "private_cluster_config": [],
            "private_ipv6_google_access": "",
            "project": "arcane-shape-319007",
            "release_channel": [
              {
                "channel": "REGULAR"
              }
            ],
            "remove_default_node_pool": null,
            "resource_labels": {},
            "resource_usage_export_config": [],
            "self_link": "https://container.googleapis.com/v1beta1/projects/arcane-shape-319007/zones/us-central1-c/clusters/sql-cluster",
            "services_ipv4_cidr": "10.52.0.0/20",
            "subnetwork": "projects/arcane-shape-319007/regions/us-central1/subnetworks/default",
            "timeouts": null,
            "tpu_ipv4_cidr_block": "",
            "vertical_pod_autoscaling": [],
            "workload_identity_config": [
              {
                "identity_namespace": "arcane-shape-319007.svc.id.goog"
              }
            ]
          },
          "sensitive_attributes": [],
          "private": "eyJlMmJmYjczMC1lY2FhLTExZTYtOGY4OC0zNDM2M2JjN2M0YzAiOnsiY3JlYXRlIjoyNDAwMDAwMDAwMDAwLCJkZWxldGUiOjI0MDAwMDAwMDAwMDAsInJlYWQiOjI0MDAwMDAwMDAwMDAsInVwZGF0ZSI6MzYwMDAwMDAwMDAwMH0sInNjaGVtYV92ZXJzaW9uIjoiMSJ9"
        }
      ]
    },
    {
      "mode": "managed",
      "type": "google_container_node_pool",
      "name": "sql-noge-pool",
      "provider": "provider[\"registry.terraform.io/hashicorp/google\"]",
      "instances": [
        {
          "schema_version": 1,
          "attributes": {
            "autoscaling": [],
            "cluster": "sql-cluster",
            "id": "projects/arcane-shape-319007/locations/us-central1-c/clusters/sql-cluster/nodePools/sql-node-pool",
            "initial_node_count": 1,
            "instance_group_urls": [
              "https://www.googleapis.com/compute/v1/projects/arcane-shape-319007/zones/us-central1-c/instanceGroupManagers/gke-sql-cluster-sql-node-pool-075c9c88-grp"
            ],
            "location": "us-central1-c",
            "management": [
              {
                "auto_repair": true,
                "auto_upgrade": true
              }
            ],
            "max_pods_per_node": 110,
            "name": "sql-node-pool",
            "name_prefix": "",
            "node_config": [
              {
                "disk_size_gb": 100,
                "disk_type": "pd-standard",
                "guest_accelerator": [],
                "image_type": "COS_CONTAINERD",
                "labels": {},
                "local_ssd_count": 0,
                "machine_type": "custom-1-4096",
                "metadata": {
                  "disable-legacy-endpoints": "true"
                },
                "min_cpu_platform": "",
                "oauth_scopes": [
                  "https://www.googleapis.com/auth/logging.write",
                  "https://www.googleapis.com/auth/monitoring"
                ],
                "preemptible": false,
                "service_account": "default",
                "shielded_instance_config": [
                  {
                    "enable_integrity_monitoring": true,
                    "enable_secure_boot": false
                  }
                ],
                "tags": [],
                "taint": [],
                "workload_metadata_config": [
                  {
                    "node_metadata": "GKE_METADATA_SERVER"
                  }
                ]
              }
            ],
            "node_count": 1,
            "node_locations": [
              "us-central1-c"
            ],
            "operation": null,
            "project": "arcane-shape-319007",
            "timeouts": null,
            "upgrade_settings": [
              {
                "max_surge": 1,
                "max_unavailable": 0
              }
            ],
            "version": "1.19.9-gke.1900"
          },
          "sensitive_attributes": [],
          "private": "eyJlMmJmYjczMC1lY2FhLTExZTYtOGY4OC0zNDM2M2JjN2M0YzAiOnsiY3JlYXRlIjoxODAwMDAwMDAwMDAwLCJkZWxldGUiOjE4MDAwMDAwMDAwMDAsInVwZGF0ZSI6MTgwMDAwMDAwMDAwMH0sInNjaGVtYV92ZXJzaW9uIjoiMSJ9",
          "dependencies": [
            "google_container_cluster.sql-cluster"
          ]
        }
      ]
    },
    {
      "mode": "managed",
      "type": "google_sql_database",
      "name": "database",
      "provider": "provider[\"registry.terraform.io/hashicorp/google\"]",
      "instances": []
    },
    {
      "mode": "managed",
      "type": "google_sql_user",
      "name": "users",
      "provider": "provider[\"registry.terraform.io/hashicorp/google\"]",
      "instances": []
    },
    {
      "mode": "managed",
      "type": "kubernetes_config_map",
      "name": "mysql-script",
      "provider": "provider[\"registry.terraform.io/hashicorp/kubernetes\"]",
      "instances": [
        {
          "schema_version": 0,
          "attributes": {
            "binary_data": {},
            "data": {
              "script.sql": "CREATE TABLE USERS (\n    ID int,\n    Name varchar(255),\n    Email varchar(255),\n    Position varchar(255),\n    Department_ID int\n);\nCREATE TABLE DEPARTMENTS (\n    ID int,\n    Department_Name varchar(255)\n);\nINSERT INTO USERS VALUES (1,'Rachel','rachel@emap.com','manager',1);\nINSERT INTO USERS VALUES (2,'Monica','monica@emap.com','HR',2);\nINSERT INTO USERS VALUES (3,'Phoebe','phoebe@emap.com','devops',3);\nINSERT INTO USERS VALUES (4,'Joey','joey@emap.com','support',4);\nINSERT INTO USERS VALUES (5,'Chandler','chandler@emap.com','devops',3);\nINSERT INTO USERS VALUES (6,'Ross','ross@emap.com','programmer',5);\nINSERT INTO DEPARTMENTS VALUES (1,'Sale');\nINSERT INTO DEPARTMENTS VALUES (2,'HR');\nINSERT INTO DEPARTMENTS VALUES (3,'DevOps');\nINSERT INTO DEPARTMENTS VALUES (4,'Support');\nINSERT INTO DEPARTMENTS VALUES (5,'Java_dev');\n"
            },
            "id": "sql/mysql-script",
            "metadata": [
              {
                "annotations": {},
                "generate_name": "",
                "generation": 0,
                "labels": {},
                "name": "mysql-script",
                "namespace": "sql",
                "resource_version": "938",
                "uid": "be974e90-ac67-49b6-b51b-ed1377fa0f4b"
              }
            ]
          },
          "sensitive_attributes": [],
          "private": "bnVsbA==",
          "dependencies": [
            "data.google_client_config.provider",
            "google_container_cluster.sql-cluster",
            "kubernetes_namespace.sql"
          ]
        }
      ]
    },
    {
      "mode": "managed",
      "type": "kubernetes_deployment",
      "name": "sql-deployment",
      "provider": "provider[\"registry.terraform.io/hashicorp/kubernetes\"]",
      "instances": []
    },
    {
      "mode": "managed",
      "type": "kubernetes_namespace",
      "name": "sql",
      "provider": "provider[\"registry.terraform.io/hashicorp/kubernetes\"]",
      "instances": [
        {
          "schema_version": 0,
          "attributes": {
            "id": "sql",
            "metadata": [
              {
                "annotations": {},
                "generate_name": "",
                "generation": 0,
                "labels": {},
                "name": "sql",
                "resource_version": "929",
                "uid": "91f46ced-aff9-4820-a5f1-d42013f3f7a9"
              }
            ],
            "timeouts": null
          },
          "sensitive_attributes": [],
          "private": "eyJlMmJmYjczMC1lY2FhLTExZTYtOGY4OC0zNDM2M2JjN2M0YzAiOnsiZGVsZXRlIjozMDAwMDAwMDAwMDB9fQ==",
          "dependencies": [
            "google_container_cluster.sql-cluster",
            "data.google_client_config.provider"
          ]
        }
      ]
    },
    {
      "mode": "managed",
      "type": "kubernetes_secret",
      "name": "mysql-secret",
      "provider": "provider[\"registry.terraform.io/hashicorp/kubernetes\"]",
      "instances": [
        {
          "schema_version": 0,
          "attributes": {
            "binary_data": null,
            "data": {
              "password": "jy}btk9l5Cg*\u0026O-{"
            },
            "id": "sql/mysql-auth",
            "metadata": [
              {
                "annotations": {},
                "generate_name": "",
                "generation": 0,
                "labels": {},
                "name": "mysql-auth",
                "namespace": "sql",
                "resource_version": "937",
                "uid": "182cd3a5-bda0-4878-8142-50ace8811004"
              }
            ],
            "type": "Opaque"
          },
          "sensitive_attributes": [
            [
              {
                "type": "get_attr",
                "value": "data"
              },
              {
                "type": "index",
                "value": {
                  "value": "password",
                  "type": "string"
                }
              }
            ]
          ],
          "private": "bnVsbA==",
          "dependencies": [
            "data.google_client_config.provider",
            "google_container_cluster.sql-cluster",
            "kubernetes_namespace.sql",
            "random_password.password"
          ]
        }
      ]
    },
    {
      "mode": "managed",
      "type": "random_id",
      "name": "db-name-suffix",
      "provider": "provider[\"registry.terraform.io/hashicorp/random\"]",
      "instances": [
        {
          "schema_version": 0,
          "attributes": {
            "b64_std": "TBPCMw==",
            "b64_url": "TBPCMw",
            "byte_length": 4,
            "dec": "1276363315",
            "hex": "4c13c233",
            "id": "TBPCMw",
            "keepers": null,
            "prefix": null
          },
          "sensitive_attributes": [],
          "private": "bnVsbA=="
        }
      ]
    },
    {
      "mode": "managed",
      "type": "random_password",
      "name": "password",
      "provider": "provider[\"registry.terraform.io/hashicorp/random\"]",
      "instances": [
        {
          "schema_version": 0,
          "attributes": {
            "id": "none",
            "keepers": null,
            "length": 16,
            "lower": true,
            "min_lower": 0,
            "min_numeric": 0,
            "min_special": 0,
            "min_upper": 0,
            "number": true,
            "override_special": null,
            "result": "jy}btk9l5Cg*\u0026O-{",
            "special": true,
            "upper": true
          },
          "sensitive_attributes": [],
          "private": "bnVsbA=="
        }
      ]
    },
    {
      "module": "module.workload-identity",
      "mode": "managed",
      "type": "google_project_iam_member",
      "name": "workload_identity_sa_bindings",
      "provider": "provider[\"registry.terraform.io/hashicorp/google\"]",
      "instances": [
        {
          "index_key": "roles/cloudsql.admin",
          "schema_version": 0,
          "attributes": {
            "condition": [],
            "etag": "BwXHizdp5jo=",
            "id": "arcane-shape-319007/roles/cloudsql.admin/serviceAccount:kube-sa-sql@arcane-shape-319007.iam.gserviceaccount.com",
            "member": "serviceAccount:kube-sa-sql@arcane-shape-319007.iam.gserviceaccount.com",
            "project": "arcane-shape-319007",
            "role": "roles/cloudsql.admin"
          },
          "sensitive_attributes": [],
          "private": "bnVsbA==",
          "dependencies": [
            "module.workload-identity.google_service_account.cluster_service_account"
          ]
        }
      ]
    },
    {
      "module": "module.workload-identity",
      "mode": "managed",
      "type": "google_service_account",
      "name": "cluster_service_account",
      "provider": "provider[\"registry.terraform.io/hashicorp/google\"]",
      "instances": [
        {
          "schema_version": 0,
          "attributes": {
            "account_id": "kube-sa-sql",
            "description": "",
            "display_name": "GCP SA bound to K8S SA kube-sa-sql",
            "email": "kube-sa-sql@arcane-shape-319007.iam.gserviceaccount.com",
            "id": "projects/arcane-shape-319007/serviceAccounts/kube-sa-sql@arcane-shape-319007.iam.gserviceaccount.com",
            "name": "projects/arcane-shape-319007/serviceAccounts/kube-sa-sql@arcane-shape-319007.iam.gserviceaccount.com",
            "project": "arcane-shape-319007",
            "timeouts": null,
            "unique_id": "110066241274620880611"
          },
          "sensitive_attributes": [],
          "private": "eyJlMmJmYjczMC1lY2FhLTExZTYtOGY4OC0zNDM2M2JjN2M0YzAiOnsiY3JlYXRlIjozMDAwMDAwMDAwMDB9fQ=="
        }
      ]
    },
    {
      "module": "module.workload-identity",
      "mode": "managed",
      "type": "google_service_account_iam_member",
      "name": "main",
      "provider": "provider[\"registry.terraform.io/hashicorp/google\"]",
      "instances": [
        {
          "schema_version": 0,
          "attributes": {
            "condition": [],
            "etag": "BwXHizdD/To=",
            "id": "projects/arcane-shape-319007/serviceAccounts/kube-sa-sql@arcane-shape-319007.iam.gserviceaccount.com/roles/iam.workloadIdentityUser/serviceAccount:arcane-shape-319007.svc.id.goog[sql/kube-sa-sql]",
            "member": "serviceAccount:arcane-shape-319007.svc.id.goog[sql/kube-sa-sql]",
            "role": "roles/iam.workloadIdentityUser",
            "service_account_id": "projects/arcane-shape-319007/serviceAccounts/kube-sa-sql@arcane-shape-319007.iam.gserviceaccount.com"
          },
          "sensitive_attributes": [],
          "private": "bnVsbA==",
          "dependencies": [
            "module.workload-identity.google_service_account.cluster_service_account",
            "module.workload-identity.kubernetes_service_account.main",
            "data.google_client_config.provider",
            "google_container_cluster.sql-cluster",
            "kubernetes_namespace.sql"
          ]
        }
      ]
    },
    {
      "module": "module.workload-identity",
      "mode": "managed",
      "type": "kubernetes_service_account",
      "name": "main",
      "provider": "provider[\"registry.terraform.io/hashicorp/kubernetes\"]",
      "instances": [
        {
          "index_key": 0,
          "schema_version": 0,
          "attributes": {
            "automount_service_account_token": false,
            "default_secret_name": "kube-sa-sql-token-kvswm",
            "id": "sql/kube-sa-sql",
            "image_pull_secret": [],
            "metadata": [
              {
                "annotations": {
                  "iam.gke.io/gcp-service-account": "kube-sa-sql@arcane-shape-319007.iam.gserviceaccount.com"
                },
                "generate_name": "",
                "generation": 0,
                "labels": {},
                "name": "kube-sa-sql",
                "namespace": "sql",
                "resource_version": "10082",
                "uid": "5aca4042-702c-4a31-9d1c-b985c3e9416d"
              }
            ],
            "secret": [],
            "timeouts": null
          },
          "sensitive_attributes": [],
          "private": "eyJlMmJmYjczMC1lY2FhLTExZTYtOGY4OC0zNDM2M2JjN2M0YzAiOnsiY3JlYXRlIjozMDAwMDAwMDAwMH19",
          "dependencies": [
            "google_container_cluster.sql-cluster",
            "kubernetes_namespace.sql",
            "module.workload-identity.google_service_account.cluster_service_account",
            "data.google_client_config.provider"
          ]
        }
      ]
    }
  ]
}
